// !$*UTF8*$!
{
	archiveVersion = 1;
	classes = {
	};
	objectVersion = 50;
	objects = {

/* Begin PBXBuildFile section */
		F10D2A732299097C008DC83F /* AppDelegate.swift in Sources */ = {isa = PBXBuildFile; fileRef = F10D2A722299097C008DC83F /* AppDelegate.swift */; };
		F10D2A752299097C008DC83F /* ViewController.swift in Sources */ = {isa = PBXBuildFile; fileRef = F10D2A742299097C008DC83F /* ViewController.swift */; };
		F10D2A782299097C008DC83F /* Main.storyboard in Resources */ = {isa = PBXBuildFile; fileRef = F10D2A762299097C008DC83F /* Main.storyboard */; };
		F10D2A7A22990980008DC83F /* Assets.xcassets in Resources */ = {isa = PBXBuildFile; fileRef = F10D2A7922990980008DC83F /* Assets.xcassets */; };
		F10D2A7D22990980008DC83F /* LaunchScreen.storyboard in Resources */ = {isa = PBXBuildFile; fileRef = F10D2A7B22990980008DC83F /* LaunchScreen.storyboard */; };
		F10D2A862299119A008DC83F /* さる.png in Resources */ = {isa = PBXBuildFile; fileRef = F10D2A842299119A008DC83F /* さる.png */; };
		F10D2A872299119A008DC83F /* チンパンジー.png in Resources */ = {isa = PBXBuildFile; fileRef = F10D2A852299119A008DC83F /* チンパンジー.png */; };
		F10D2A8A229911C9008DC83F /* オランウータン.png in Resources */ = {isa = PBXBuildFile; fileRef = F10D2A88229911C9008DC83F /* オランウータン.png */; };
		F10D2A8B229911C9008DC83F /* ごりら.png in Resources */ = {isa = PBXBuildFile; fileRef = F10D2A89229911C9008DC83F /* ごりら.png */; };
/* End PBXBuildFile section */

/* Begin PBXFileReference section */
		F10D2A6F2299097C008DC83F /* gacha.app */ = {isa = PBXFileReference; explicitFileType = wrapper.application; includeInIndex = 0; path = gacha.app; sourceTree = BUILT_PRODUCTS_DIR; };
		F10D2A722299097C008DC83F /* AppDelegate.swift */ = {isa = PBXFileReference; lastKnownFileType = sourcecode.swift; path = AppDelegate.swift; sourceTree = "<group>"; };
		F10D2A742299097C008DC83F /* ViewController.swift */ = {isa = PBXFileReference; lastKnownFileType = sourcecode.swift; path = ViewController.swift; sourceTree = "<group>"; };
		F10D2A772299097C008DC83F /* Base */ = {isa = PBXFileReference; lastKnownFileType = file.storyboard; name = Base; path = Base.lproj/Main.storyboard; sourceTree = "<group>"; };
		F10D2A7922990980008DC83F /* Assets.xcassets */ = {isa = PBXFileReference; lastKnownFileType = folder.assetcatalog; path = Assets.xcassets; sourceTree = "<group>"; };
		F10D2A7C22990980008DC83F /* Base */ = {isa = PBXFileReference; lastKnownFileType = file.storyboard; name = Base; path = Base.lproj/LaunchScreen.storyboard; sourceTree = "<group>"; };
		F10D2A7E22990980008DC83F /* Info.plist */ = {isa = PBXFileReference; lastKnownFileType = text.plist.xml; path = Info.plist; sourceTree = "<group>"; };
		F10D2A842299119A008DC83F /* さる.png */ = {isa = PBXFileReference; lastKnownFileType = image.png; path = "さる.png"; sourceTree = "<group>"; };
		F10D2A852299119A008DC83F /* チンパンジー.png */ = {isa = PBXFileReference; lastKnownFileType = image.png; path = "チンパンジー.png"; sourceTree = "<group>"; };
		F10D2A88229911C9008DC83F /* オランウータン.png */ = {isa = PBXFileReference; lastKnownFileType = image.png; path = "オランウータン.png"; sourceTree = "<group>"; };
		F10D2A89229911C9008DC83F /* ごりら.png */ = {isa = PBXFileReference; lastKnownFileType = image.png; path = "ごりら.png"; sourceTree = "<group>"; };
/* End PBXFileReference section */

/* Begin PBXFrameworksBuildPhase section */
		F10D2A6C2299097C008DC83F /* Frameworks */ = {
			isa = PBXFrameworksBuildPhase;
			buildActionMask = 2147483647;
			files = (
			);
			runOnlyForDeploymentPostprocessing = 0;
		};
/* End PBXFrameworksBuildPhase section */

/* Begin PBXGroup section */
		F10D2A662299097C008DC83F = {
			isa = PBXGroup;
			children = (
				F10D2A712299097C008DC83F /* gacha */,
				F10D2A702299097C008DC83F /* Products */,
			);
			sourceTree = "<group>";
		};
		F10D2A702299097C008DC83F /* Products */ = {
			isa = PBXGroup;
			children = (
				F10D2A6F2299097C008DC83F /* gacha.app */,
			);
			name = Products;
			sourceTree = "<group>";
		};
		F10D2A712299097C008DC83F /* gacha */ = {
			isa = PBXGroup;
			children = (
				F10D2A88229911C9008DC83F /* オランウータン.png */,
				F10D2A89229911C9008DC83F /* ごりら.png */,
				F10D2A842299119A008DC83F /* さる.png */,
				F10D2A852299119A008DC83F /* チンパンジー.png */,
				F10D2A722299097C008DC83F /* AppDelegate.swift */,
				F10D2A742299097C008DC83F /* ViewController.swift */,
				F10D2A762299097C008DC83F /* Main.storyboard */,
				F10D2A7922990980008DC83F /* Assets.xcassets */,
				F10D2A7B22990980008DC83F /* LaunchScreen.storyboard */,
				F10D2A7E22990980008DC83F /* Info.plist */,
			);
			path = gacha;
			sourceTree = "<group>";
		};
/* End PBXGroup section */

/* Begin PBXNativeTarget section */
		F10D2A6E2299097C008DC83F /* gacha */ = {
			isa = PBXNativeTarget;
			buildConfigurationList = F10D2A8122990980008DC83F /* Build configuration list for PBXNativeTarget "gacha" */;
			buildPhases = (
				F10D2A6B2299097C008DC83F /* Sources */,
				F10D2A6C2299097C008DC83F /* Frameworks */,
				F10D2A6D2299097C008DC83F /* Resources */,
			);
			buildRules = (
			);
			dependencies = (
			);
			name = gacha;
			productName = gacha;
			productReference = F10D2A6F2299097C008DC83F /* gacha.app */;
			productType = "com.apple.product-type.application";
		};
/* End PBXNativeTarget section */

/* Begin PBXProject section */
		F10D2A672299097C008DC83F /* Project object */ = {
			isa = PBXProject;
			attributes = {
				LastSwiftUpdateCheck = 1020;
				LastUpgradeCheck = 1020;
				ORGANIZATIONNAME = NakamuraTakuma;
				TargetAttributes = {
					F10D2A6E2299097C008DC83F = {
						CreatedOnToolsVersion = 10.2.1;
					};
				};
			};
			buildConfigurationList = F10D2A6A2299097C008DC83F /* Build configuration list for PBXProject "gacha" */;
			compatibilityVersion = "Xcode 9.3";
			developmentRegion = en;
			hasScannedForEncodings = 0;
			knownRegions = (
				en,
				Base,
			);
			mainGroup = F10D2A662299097C008DC83F;
			productRefGroup = F10D2A702299097C008DC83F /* Products */;
			projectDirPath = "";
			projectRoot = "";
			targets = (
				F10D2A6E2299097C008DC83F /* gacha */,
			);
		};
/* End PBXProject section */

/* Begin PBXResourcesBuildPhase section */
		F10D2A6D2299097C008DC83F /* Resources */ = {
			isa = PBXResourcesBuildPhase;
			buildActionMask = 2147483647;
			files = (
				F10D2A7D22990980008DC83F /* LaunchScreen.storyboard in Resources */,
				F10D2A862299119A008DC83F /* さる.png in Resources */,
				F10D2A872299119A008DC83F /* チンパンジー.png in Resources */,
				F10D2A7A22990980008DC83F /* Assets.xcassets in Resources */,
				F10D2A8A229911C9008DC83F /* オランウータン.png in Resources */,
				F10D2A8B229911C9008DC83F /* ごりら.png in Resources */,
				F10D2A782299097C008DC83F /* Main.storyboard in Resources */,
			);
			runOnlyForDeploymentPostprocessing = 0;
		};
/* End PBXResourcesBuildPhase section */

/* Begin PBXSourcesBuildPhase section */
		F10D2A6B2299097C008DC83F /* Sources */ = {
			isa = PBXSourcesBuildPhase;
			buildActionMask = 2147483647;
			files = (
				F10D2A752299097C008DC83F /* ViewController.swift in Sources */,
				F10D2A732299097C008DC83F /* AppDelegate.swift in Sources */,
			);
			runOnlyForDeploymentPostprocessing = 0;
		};
/* End PBXSourcesBuildPhase section */

/* Begin PBXVariantGroup section */
		F10D2A762299097C008DC83F /* Main.storyboard */ = {
			isa = PBXVariantGroup;
			children = (
				F10D2A772299097C008DC83F /* Base */,
			);
			name = Main.storyboard;
			sourceTree = "<group>";
		};
		F10D2A7B22990980008DC83F /* LaunchScreen.storyboard */ = {
			isa = PBXVariantGroup;
			children = (
				F10D2A7C22990980008DC83F /* Base */,
			);
			name = LaunchScreen.storyboard;
			sourceTree = "<group>";
		};
/* End PBXVariantGroup section */

/* Begin XCBuildConfiguration section */
		F10D2A7F22990980008DC83F /* Debug */ = {
			isa = XCBuildConfiguration;
			buildSettings = {
				ALWAYS_SEARCH_USER_PATHS = NO;
				CLANG_ANALYZER_NONNULL = YES;
				CLANG_ANALYZER_NUMBER_OBJECT_CONVERSION = YES_AGGRESSIVE;
				CLANG_CXX_LANGUAGE_STANDARD = "gnu++14";
				CLANG_CXX_LIBRARY = "libc++";
				CLANG_ENABLE_MODULES = YES;
				CLANG_ENABLE_OBJC_ARC = YES;
				CLANG_ENABLE_OBJC_WEAK = YES;
				CLANG_WARN_BLOCK_CAPTURE_AUTORELEASING = YES;
				CLANG_WARN_BOOL_CONVERSION = YES;
				CLANG_WARN_COMMA = YES;
				CLANG_WARN_CONSTANT_CONVERSION = YES;
				CLANG_WARN_DEPRECATED_OBJC_IMPLEMENTATIONS = YES;
				CLANG_WARN_DIRECT_OBJC_ISA_USAGE = YES_ERROR;
				CLANG_WARN_DOCUMENTATION_COMMENTS = YES;
				CLANG_WARN_EMPTY_BODY = YES;
				CLANG_WARN_ENUM_CONVERSION = YES;
				CLANG_WARN_INFINITE_RECURSION = YES;
				CLANG_WARN_INT_CONVERSION = YES;
				CLANG_WARN_NON_LITERAL_NULL_CONVERSION = YES;
				CLANG_WARN_OBJC_IMPLICIT_RETAIN_SELF = YES;
				CLANG_WARN_OBJC_LITERAL_CONVERSION = YES;
				CLANG_WARN_OBJC_ROOT_CLASS = YES_ERROR;
				CLANG_WARN_RANGE_LOOP_ANALYSIS = YES;
				CLANG_WARN_STRICT_PROTOTYPES = YES;
				CLANG_WARN_SUSPICIOUS_MOVE = YES;
				CLANG_WARN_UNGUARDED_AVAILABILITY = YES_AGGRESSIVE;
				CLANG_WARN_UNREACHABLE_CODE = YES;
				CLANG_WARN__DUPLICATE_METHOD_MATCH = YES;
				CODE_SIGN_IDENTITY = "iPhone Developer";
				COPY_PHASE_STRIP = NO;
				DEBUG_INFORMATION_FORMAT = dwarf;
				ENABLE_STRICT_OBJC_MSGSEND = YES;
				ENABLE_TESTABILITY = YES;
				GCC_C_LANGUAGE_STANDARD = gnu11;
				GCC_DYNAMIC_NO_PIC = NO;
				GCC_NO_COMMON_BLOCKS = YES;
				GCC_OPTIMIZATION_LEVEL = 0;
				GCC_PREPROCESSOR_DEFINITIONS = (
					"DEBUG=1",
					"$(inherited)",
				);
				GCC_WARN_64_TO_32_BIT_CONVERSION = YES;
				GCC_WARN_ABOUT_RETURN_TYPE = YES_ERROR;
				GCC_WARN_UNDECLARED_SELECTOR = YES;
				GCC_WARN_UNINITIALIZED_AUTOS = YES_AGGRESSIVE;
				GCC_WARN_UNUSED_FUNCTION = YES;
				GCC_WARN_UNUSED_VARIABLE = YES;
				IPHONEOS_DEPLOYMENT_TARGET = 12.2;
				MTL_ENABLE_DEBUG_INFO = INCLUDE_SOURCE;
				MTL_FAST_MATH = YES;
				ONLY_ACTIVE_ARCH = YES;
				SDKROOT = iphoneos;
				SWIFT_ACTIVE_COMPILATION_CONDITIONS = DEBUG;
				SWIFT_OPTIMIZATION_LEVEL = "-Onone";
			};
			name = Debug;
		};
		F10D2A8022990980008DC83F /* Release */ = {
			isa = XCBuildConfiguration;
			buildSettings = {
				ALWAYS_SEARCH_USER_PATHS = NO;
				CLANG_ANALYZER_NONNULL = YES;
				CLANG_ANALYZER_NUMBER_OBJECT_CONVERSION = YES_AGGRESSIVE;
				CLANG_CXX_LANGUAGE_STANDARD = "gnu++14";
				CLANG_CXX_LIBRARY = "libc++";
				CLANG_ENABLE_MODULES = YES;
				CLANG_ENABLE_OBJC_ARC = YES;
				CLANG_ENABLE_OBJC_WEAK = YES;
				CLANG_WARN_BLOCK_CAPTURE_AUTORELEASING = YES;
				CLANG_WARN_BOOL_CONVERSION = YES;
				CLANG_WARN_COMMA = YES;
				CLANG_WARN_CONSTANT_CONVERSION = YES;
				CLANG_WARN_DEPRECATED_OBJC_IMPLEMENTATIONS = YES;
				CLANG_WARN_DIRECT_OBJC_ISA_USAGE = YES_ERROR;
				CLANG_WARN_DOCUMENTATION_COMMENTS = YES;
				CLANG_WARN_EMPTY_BODY = YES;
				CLANG_WARN_ENUM_CONVERSION = YES;
				CLANG_WARN_INFINITE_RECURSION = YES;
				CLANG_WARN_INT_CONVERSION = YES;
				CLANG_WARN_NON_LITERAL_NULL_CONVERSION = YES;
				CLANG_WARN_OBJC_IMPLICIT_RETAIN_SELF = YES;
				CLANG_WARN_OBJC_LITERAL_CONVERSION = YES;
				CLANG_WARN_OBJC_ROOT_CLASS = YES_ERROR;
				CLANG_WARN_RANGE_LOOP_ANALYSIS = YES;
				CLANG_WARN_STRICT_PROTOTYPES = YES;
				CLANG_WARN_SUSPICIOUS_MOVE = YES;
				CLANG_WARN_UNGUARDED_AVAILABILITY = YES_AGGRESSIVE;
				CLANG_WARN_UNREACHABLE_CODE = YES;
				CLANG_WARN__DUPLICATE_METHOD_MATCH = YES;
				CODE_SIGN_IDENTITY = "iPhone Developer";
				COPY_PHASE_STRIP = NO;
				DEBUG_INFORMATION_FORMAT = "dwarf-with-dsym";
				ENABLE_NS_ASSERTIONS = NO;
				ENABLE_STRICT_OBJC_MSGSEND = YES;
				GCC_C_LANGUAGE_STANDARD = gnu11;
				GCC_NO_COMMON_BLOCKS = YES;
				GCC_WARN_64_TO_32_BIT_CONVERSION = YES;
				GCC_WARN_ABOUT_RETURN_TYPE = YES_ERROR;
				GCC_WARN_UNDECLARED_SELECTOR = YES;
				GCC_WARN_UNINITIALIZED_AUTOS = YES_AGGRESSIVE;
				GCC_WARN_UNUSED_FUNCTION = YES;
				GCC_WARN_UNUSED_VARIABLE = YES;
				IPHONEOS_DEPLOYMENT_TARGET = 12.2;
				MTL_ENABLE_DEBUG_INFO = NO;
				MTL_FAST_MATH = YES;
				SDKROOT = iphoneos;
				SWIFT_COMPILATION_MODE = wholemodule;
				SWIFT_OPTIMIZATION_LEVEL = "-O";
				VALIDATE_PRODUCT = YES;
			};
			name = Release;
		};
		F10D2A8222990980008DC83F /* Debug */ = {
			isa = XCBuildConfiguration;
			buildSettings = {
				ASSETCATALOG_COMPILER_APPICON_NAME = AppIcon;
				CODE_SIGN_STYLE = Automatic;
				INFOPLIST_FILE = gacha/Info.plist;
				LD_RUNPATH_SEARCH_PATHS = (
					"$(inherited)",
					"@executable_path/Frameworks",
				);
				PRODUCT_BUNDLE_IDENTIFIER = TakumaNakamura.gacha;
				PRODUCT_NAME = "$(TARGET_NAME)";
				SWIFT_VERSION = 5.0;
				TARGETED_DEVICE_FAMILY = "1,2";
			};
			name = Debug;
		};
		F10D2A8322990980008DC83F /* Release */ = {
			isa = XCBuildConfiguration;
			buildSettings = {
				ASSETCATALOG_COMPILER_APPICON_NAME = AppIcon;
				CODE_SIGN_STYLE = Automatic;
				INFOPLIST_FILE = gacha/Info.plist;
				LD_RUNPATH_SEARCH_PATHS = (
					"$(inherited)",
					"@executable_path/Frameworks",
				);
				PRODUCT_BUNDLE_IDENTIFIER = TakumaNakamura.gacha;
				PRODUCT_NAME = "$(TARGET_NAME)";
				SWIFT_VERSION = 5.0;
				TARGETED_DEVICE_FAMILY = "1,2";
			};
			name = Release;
		};
/* End XCBuildConfiguration section */

/* Begin XCConfigurationList section */
		F10D2A6A2299097C008DC83F /* Build configuration list for PBXProject "gacha" */ = {
			isa = XCConfigurationList;
			buildConfigurations = (
				F10D2A7F22990980008DC83F /* Debug */,
				F10D2A8022990980008DC83F /* Release */,
			);
			defaultConfigurationIsVisible = 0;
			defaultConfigurationName = Release;
		};
		F10D2A8122990980008DC83F /* Build configuration list for PBXNativeTarget "gacha" */ = {
			isa = XCConfigurationList;
			buildConfigurations = (
				F10D2A8222990980008DC83F /* Debug */,
				F10D2A8322990980008DC83F /* Release */,
			);
			defaultConfigurationIsVisible = 0;
			defaultConfigurationName = Release;
		};
/* End XCConfigurationList section */
	};
	rootObject = F10D2A672299097C008DC83F /* Project object */;
}
